
Microsoft Visual Studio Solution File, Format Version 12.00
# Visual Studio Version 16
VisualStudioVersion = 16.0.30907.101
MinimumVisualStudioVersion = 10.0.40219.1
Project("{FAE04EC0-301F-11D3-BF4B-00C04F79EFBC}") = "Shop", "Shop.csproj", "{785FC05B-6F81-4B03-BFF6-E2C961296DB2}"
EndProject
Global
	GlobalSection(SolutionConfigurationPlatforms) = preSolution
		Debug|Any CPU = Debug|Any CPU
		Release|Any CPU = Release|Any CPU
	EndGlobalSection
	GlobalSection(ProjectConfigurationPlatforms) = postSolution
		{785FC05B-6F81-4B03-BFF6-E2C961296DB2}.Debug|Any CPU.ActiveCfg = Debug|Any CPU
		{785FC05B-6F81-4B03-BFF6-E2C961296DB2}.Debug|Any CPU.Build.0 = Debug|Any CPU
		{785FC05B-6F81-4B03-BFF6-E2C961296DB2}.Release|Any CPU.ActiveCfg = Release|Any CPU
		{785FC05B-6F81-4B03-BFF6-E2C961296DB2}.Release|Any CPU.Build.0 = Release|Any CPU
	EndGlobalSection
	GlobalSection(SolutionProperties) = preSolution
		HideSolutionNode = FALSE
	EndGlobalSection
	GlobalSection(ExtensibilityGlobals) = postSolution
		SolutionGuid = {B14458A4-21AD-42F0-84FC-F6CFBC89F367}
	EndGlobalSection
EndGlobal
